{
    "_readme": [
        "This file locks the dependencies of your project to a known state",
        "Read more about it at https://getcomposer.org/doc/01-basic-usage.md#installing-dependencies",
        "This file is @generated automatically"
    ],
    "content-hash": "c0ad86c6a95a935e5981c3c5a0a2c783",
    "packages": [
        {
            "name": "commandstring/utils",
            "version": "v1.4.2",
            "source": {
                "type": "git",
                "url": "https://github.com/CommandString/Utils.git",
                "reference": "aca96e33e8026a5e7079b086ed6f48d58bc644ea"
            },
            "dist": {
                "type": "zip",
                "url": "https://api.github.com/repos/CommandString/Utils/zipball/aca96e33e8026a5e7079b086ed6f48d58bc644ea",
                "reference": "aca96e33e8026a5e7079b086ed6f48d58bc644ea",
                "shasum": ""
            },
            "type": "library",
            "autoload": {
                "psr-4": {
                    "CommandString\\Utils\\": "src/"
                }
            },
            "notification-url": "https://packagist.org/downloads/",
            "license": [
                "MIT"
            ],
            "support": {
                "issues": "https://github.com/CommandString/Utils/issues",
                "source": "https://github.com/CommandString/Utils/tree/v1.4.2"
            },
            "time": "2023-04-03T12:59:21+00:00"
        },
        {
            "name": "httpsoft/http-emitter",
            "version": "1.0.4",
            "source": {
                "type": "git",
                "url": "https://github.com/httpsoft/http-emitter.git",
                "reference": "d9ab21168b3243a1c4a080698de326c4c92c82b1"
            },
            "dist": {
                "type": "zip",
                "url": "https://api.github.com/repos/httpsoft/http-emitter/zipball/d9ab21168b3243a1c4a080698de326c4c92c82b1",
                "reference": "d9ab21168b3243a1c4a080698de326c4c92c82b1",
                "shasum": ""
            },
            "require": {
                "php": "^7.4|^8.0",
                "psr/http-message": "^1.0"
            },
            "provide": {
                "psr/http-message-implementation": "1.0"
            },
            "require-dev": {
                "httpsoft/http-message": "^1.0",
                "phpunit/phpunit": "^9.5",
                "squizlabs/php_codesniffer": "^3.5",
                "vimeo/psalm": "^4.3"
            },
            "type": "library",
            "autoload": {
                "psr-4": {
                    "HttpSoft\\Emitter\\": "src/"
                }
            },
            "notification-url": "https://packagist.org/downloads/",
            "license": [
                "MIT"
            ],
            "authors": [
                {
                    "name": "Evgeniy Zyubin",
                    "email": "mail@devanych.ru",
                    "homepage": "https://devanych.ru/",
                    "role": "Founder and lead developer"
                }
            ],
            "description": "Emitting of PSR-7 Response implementation",
            "homepage": "https://httpsoft.org/",
            "keywords": [
                "emitter",
                "http",
                "http-emitter",
                "http-message",
                "php",
                "psr-7"
            ],
            "support": {
                "docs": "https://httpsoft.org/docs/emitter",
                "issues": "https://github.com/httpsoft/http-emitter/issues",
                "source": "https://github.com/httpsoft/http-emitter"
            },
            "time": "2020-12-12T17:45:02+00:00"
        },
        {
            "name": "httpsoft/http-message",
            "version": "1.0.12",
            "source": {
                "type": "git",
                "url": "https://github.com/httpsoft/http-message.git",
                "reference": "d2e085532fb6e65a4331d4f1a9c86f45174bc685"
            },
            "dist": {
                "type": "zip",
                "url": "https://api.github.com/repos/httpsoft/http-message/zipball/d2e085532fb6e65a4331d4f1a9c86f45174bc685",
                "reference": "d2e085532fb6e65a4331d4f1a9c86f45174bc685",
                "shasum": ""
            },
            "require": {
                "php": "^7.4|^8.0",
                "psr/http-factory": "^1.0",
                "psr/http-message": "^1.0"
            },
            "provide": {
                "psr/http-factory-implementation": "1.0",
                "psr/http-message-implementation": "1.0"
            },
            "require-dev": {
                "php-http/psr7-integration-tests": "1.2",
                "phpunit/phpunit": "^9.5",
                "squizlabs/php_codesniffer": "^3.7",
                "vimeo/psalm": "^4.9|^5.2"
            },
            "type": "library",
            "autoload": {
                "psr-4": {
                    "HttpSoft\\Message\\": "src/"
                }
            },
            "notification-url": "https://packagist.org/downloads/",
            "license": [
                "MIT"
            ],
            "authors": [
                {
                    "name": "Evgeniy Zyubin",
                    "email": "mail@devanych.ru",
                    "homepage": "https://devanych.ru/",
                    "role": "Founder and lead developer"
                }
            ],
            "description": "Strict and fast implementation of PSR-7 and PSR-17",
            "homepage": "https://httpsoft.org/",
            "keywords": [
                "http",
                "http-message",
                "php",
                "psr-17",
                "psr-7"
            ],
            "support": {
                "docs": "https://httpsoft.org/docs/message",
                "issues": "https://github.com/httpsoft/http-message/issues",
                "source": "https://github.com/httpsoft/http-message"
            },
            "time": "2023-04-17T16:50:19+00:00"
        },
        {
            "name": "httpsoft/http-response",
            "version": "1.0.4",
            "source": {
                "type": "git",
                "url": "https://github.com/httpsoft/http-response.git",
                "reference": "997a934c6d0cc91166b05ced65639d82be585afb"
            },
            "dist": {
                "type": "zip",
                "url": "https://api.github.com/repos/httpsoft/http-response/zipball/997a934c6d0cc91166b05ced65639d82be585afb",
                "reference": "997a934c6d0cc91166b05ced65639d82be585afb",
                "shasum": ""
            },
            "require": {
                "httpsoft/http-message": "^1.0",
                "php": "^7.4|^8.0"
            },
            "provide": {
                "psr/http-message-implementation": "1.0"
            },
            "require-dev": {
                "phpunit/phpunit": "^9.5",
                "squizlabs/php_codesniffer": "^3.5",
                "vimeo/psalm": "^4.3"
            },
            "type": "library",
            "autoload": {
                "psr-4": {
                    "HttpSoft\\Response\\": "src/"
                }
            },
            "notification-url": "https://packagist.org/downloads/",
            "license": [
                "MIT"
            ],
            "authors": [
                {
                    "name": "Evgeniy Zyubin",
                    "email": "mail@devanych.ru",
                    "homepage": "https://devanych.ru/",
                    "role": "Founder and lead developer"
                }
            ],
            "description": "PSR-7 Response implementations",
            "homepage": "https://httpsoft.org/",
            "keywords": [
                "http",
                "http-message",
                "http-response",
                "php",
                "psr-7",
                "responses"
            ],
            "support": {
                "docs": "https://httpsoft.org/docs/response",
                "issues": "https://github.com/httpsoft/http-response/issues",
                "source": "https://github.com/httpsoft/http-response"
            },
            "time": "2020-12-12T17:03:26+00:00"
        },
        {
            "name": "httpsoft/http-server-request",
            "version": "1.0.5",
            "source": {
                "type": "git",
                "url": "https://github.com/httpsoft/http-server-request.git",
                "reference": "af04dde0bcbce26c9ecdcab53468f790a2225952"
            },
            "dist": {
                "type": "zip",
                "url": "https://api.github.com/repos/httpsoft/http-server-request/zipball/af04dde0bcbce26c9ecdcab53468f790a2225952",
                "reference": "af04dde0bcbce26c9ecdcab53468f790a2225952",
                "shasum": ""
            },
            "require": {
                "httpsoft/http-message": "^1.0",
                "php": "^7.4|^8.0"
            },
            "provide": {
                "psr/http-message-implementation": "1.0"
            },
            "require-dev": {
                "phpunit/phpunit": "^9.5",
                "squizlabs/php_codesniffer": "^3.6",
                "vimeo/psalm": "^4.8"
            },
            "type": "library",
            "autoload": {
                "psr-4": {
                    "HttpSoft\\ServerRequest\\": "src/"
                }
            },
            "notification-url": "https://packagist.org/downloads/",
            "license": [
                "MIT"
            ],
            "authors": [
                {
                    "name": "Evgeniy Zyubin",
                    "email": "mail@devanych.ru",
                    "homepage": "https://devanych.ru/",
                    "role": "Founder and lead developer"
                }
            ],
            "description": "Infrastructure for creating PSR-7 ServerRequest and UploadedFile",
            "homepage": "https://httpsoft.org/",
            "keywords": [
                "http",
                "http-message",
                "http-server-request",
                "php",
                "psr-7"
            ],
            "support": {
                "docs": "https://httpsoft.org/docs/server-request",
                "issues": "https://github.com/httpsoft/http-server-request/issues",
                "source": "https://github.com/httpsoft/http-server-request"
            },
            "time": "2021-07-20T14:36:14+00:00"
        },
        {
            "name": "psr/http-factory",
            "version": "1.0.2",
            "source": {
                "type": "git",
                "url": "https://github.com/php-fig/http-factory.git",
                "reference": "e616d01114759c4c489f93b099585439f795fe35"
            },
            "dist": {
                "type": "zip",
                "url": "https://api.github.com/repos/php-fig/http-factory/zipball/e616d01114759c4c489f93b099585439f795fe35",
                "reference": "e616d01114759c4c489f93b099585439f795fe35",
                "shasum": ""
            },
            "require": {
                "php": ">=7.0.0",
                "psr/http-message": "^1.0 || ^2.0"
            },
            "type": "library",
            "extra": {
                "branch-alias": {
                    "dev-master": "1.0.x-dev"
                }
            },
            "autoload": {
                "psr-4": {
                    "Psr\\Http\\Message\\": "src/"
                }
            },
            "notification-url": "https://packagist.org/downloads/",
            "license": [
                "MIT"
            ],
            "authors": [
                {
                    "name": "PHP-FIG",
                    "homepage": "https://www.php-fig.org/"
                }
            ],
            "description": "Common interfaces for PSR-7 HTTP message factories",
            "keywords": [
                "factory",
                "http",
                "message",
                "psr",
                "psr-17",
                "psr-7",
                "request",
                "response"
            ],
            "support": {
                "source": "https://github.com/php-fig/http-factory/tree/1.0.2"
            },
            "time": "2023-04-10T20:10:41+00:00"
        },
        {
            "name": "psr/http-message",
            "version": "1.1",
            "source": {
                "type": "git",
                "url": "https://github.com/php-fig/http-message.git",
                "reference": "cb6ce4845ce34a8ad9e68117c10ee90a29919eba"
            },
            "dist": {
                "type": "zip",
                "url": "https://api.github.com/repos/php-fig/http-message/zipball/cb6ce4845ce34a8ad9e68117c10ee90a29919eba",
                "reference": "cb6ce4845ce34a8ad9e68117c10ee90a29919eba",
                "shasum": ""
            },
            "require": {
                "php": "^7.2 || ^8.0"
            },
            "type": "library",
            "extra": {
                "branch-alias": {
                    "dev-master": "1.1.x-dev"
                }
            },
            "autoload": {
                "psr-4": {
                    "Psr\\Http\\Message\\": "src/"
                }
            },
            "notification-url": "https://packagist.org/downloads/",
            "license": [
                "MIT"
            ],
            "authors": [
                {
                    "name": "PHP-FIG",
                    "homepage": "http://www.php-fig.org/"
                }
            ],
            "description": "Common interface for HTTP messages",
            "homepage": "https://github.com/php-fig/http-message",
            "keywords": [
                "http",
                "http-message",
                "psr",
                "psr-7",
                "request",
                "response"
            ],
            "support": {
                "source": "https://github.com/php-fig/http-message/tree/1.1"
            },
            "time": "2023-04-04T09:50:52+00:00"
        }
    ],
    "packages-dev": [
        {
            "name": "squizlabs/php_codesniffer",
            "version": "3.7.2",
            "source": {
                "type": "git",
                "url": "https://github.com/squizlabs/PHP_CodeSniffer.git",
                "reference": "ed8e00df0a83aa96acf703f8c2979ff33341f879"
            },
            "dist": {
                "type": "zip",
                "url": "https://api.github.com/repos/squizlabs/PHP_CodeSniffer/zipball/ed8e00df0a83aa96acf703f8c2979ff33341f879",
                "reference": "ed8e00df0a83aa96acf703f8c2979ff33341f879",
                "shasum": ""
            },
            "require": {
                "ext-simplexml": "*",
                "ext-tokenizer": "*",
                "ext-xmlwriter": "*",
                "php": ">=5.4.0"
            },
            "require-dev": {
                "phpunit/phpunit": "^4.0 || ^5.0 || ^6.0 || ^7.0"
            },
            "bin": [
                "bin/phpcs",
                "bin/phpcbf"
            ],
            "type": "library",
            "extra": {
                "branch-alias": {
                    "dev-master": "3.x-dev"
                }
            },
            "notification-url": "https://packagist.org/downloads/",
            "license": [
                "BSD-3-Clause"
            ],
            "authors": [
                {
                    "name": "Greg Sherwood",
                    "role": "lead"
                }
            ],
            "description": "PHP_CodeSniffer tokenizes PHP, JavaScript and CSS files and detects violations of a defined set of coding standards.",
            "homepage": "https://github.com/squizlabs/PHP_CodeSniffer",
            "keywords": [
                "phpcs",
                "standards",
                "static analysis"
            ],
            "support": {
                "issues": "https://github.com/squizlabs/PHP_CodeSniffer/issues",
                "source": "https://github.com/squizlabs/PHP_CodeSniffer",
                "wiki": "https://github.com/squizlabs/PHP_CodeSniffer/wiki"
            },
            "time": "2023-02-22T23:07:41+00:00"
        }
    ],
    "aliases": [],
    "minimum-stability": "stable",
    "stability-flags": [],
    "prefer-stable": false,
    "prefer-lowest": false,
    "platform": {
        "php": ">=8.1"
    },
    "platform-dev": [],
    "plugin-api-version": "2.3.0"
}
